
Microsoft Visual Studio Solution File, Format Version 12.00
# Visual Studio Version 16
VisualStudioVersion = 16.0.30001.183
MinimumVisualStudioVersion = 10.0.40219.1
Project("{FAE04EC0-301F-11D3-BF4B-00C04F79EFBC}") = "FTPTool", "FTPTool\FTPTool.csproj", "{53E371BA-0AB7-4253-8DB1-BCD9B407F5B1}"
EndProject
Project("{9A19103F-16F7-4668-BE54-9A1E7A4F7556}") = "FTPDownloadInfo", "FTPDownloadInfo\FTPDownloadInfo.csproj", "{1F8A75C3-A7D8-43FF-B677-1D30626B89B3}"
EndProject
Project("{FAE04EC0-301F-11D3-BF4B-00C04F79EFBC}") = "DBContext", "DBContext\DBContext.csproj", "{C7775DF4-8C52-4866-89A4-0E7544C85864}"
EndProject
Global
	GlobalSection(SolutionConfigurationPlatforms) = preSolution
		Debug|Any CPU = Debug|Any CPU
		Release|Any CPU = Release|Any CPU
	EndGlobalSection
	GlobalSection(ProjectConfigurationPlatforms) = postSolution
		{53E371BA-0AB7-4253-8DB1-BCD9B407F5B1}.Debug|Any CPU.ActiveCfg = Debug|Any CPU
		{53E371BA-0AB7-4253-8DB1-BCD9B407F5B1}.Debug|Any CPU.Build.0 = Debug|Any CPU
		{53E371BA-0AB7-4253-8DB1-BCD9B407F5B1}.Release|Any CPU.ActiveCfg = Release|Any CPU
		{53E371BA-0AB7-4253-8DB1-BCD9B407F5B1}.Release|Any CPU.Build.0 = Release|Any CPU
		{1F8A75C3-A7D8-43FF-B677-1D30626B89B3}.Debug|Any CPU.ActiveCfg = Debug|Any CPU
		{1F8A75C3-A7D8-43FF-B677-1D30626B89B3}.Debug|Any CPU.Build.0 = Debug|Any CPU
		{1F8A75C3-A7D8-43FF-B677-1D30626B89B3}.Release|Any CPU.ActiveCfg = Release|Any CPU
		{1F8A75C3-A7D8-43FF-B677-1D30626B89B3}.Release|Any CPU.Build.0 = Release|Any CPU
		{C7775DF4-8C52-4866-89A4-0E7544C85864}.Debug|Any CPU.ActiveCfg = Debug|Any CPU
		{C7775DF4-8C52-4866-89A4-0E7544C85864}.Debug|Any CPU.Build.0 = Debug|Any CPU
		{C7775DF4-8C52-4866-89A4-0E7544C85864}.Release|Any CPU.ActiveCfg = Release|Any CPU
		{C7775DF4-8C52-4866-89A4-0E7544C85864}.Release|Any CPU.Build.0 = Release|Any CPU
	EndGlobalSection
	GlobalSection(SolutionProperties) = preSolution
		HideSolutionNode = FALSE
	EndGlobalSection
	GlobalSection(ExtensibilityGlobals) = postSolution
		SolutionGuid = {8ADD6D04-033B-4C90-9108-7AC76F9AF206}
	EndGlobalSection
EndGlobal
